
Microsoft Visual Studio Solution File, Format Version 12.00
# Visual Studio Version 16
VisualStudioVersion = 16.0.28803.156
MinimumVisualStudioVersion = 10.0.40219.1
Project("{FAE04EC0-301F-11D3-BF4B-00C04F79EFBC}") = "Data_Structures", "Data_Structures\Data_Structures.csproj", "{1FDFC3D0-ABE3-49C8-AD42-4FF85018BD7C}"
EndProject
Global
	GlobalSection(SolutionConfigurationPlatforms) = preSolution
		Debug|Any CPU = Debug|Any CPU
		Release|Any CPU = Release|Any CPU
	EndGlobalSection
	GlobalSection(ProjectConfigurationPlatforms) = postSolution
		{1FDFC3D0-ABE3-49C8-AD42-4FF85018BD7C}.Debug|Any CPU.ActiveCfg = Debug|Any CPU
		{1FDFC3D0-ABE3-49C8-AD42-4FF85018BD7C}.Debug|Any CPU.Build.0 = Debug|Any CPU
		{1FDFC3D0-ABE3-49C8-AD42-4FF85018BD7C}.Release|Any CPU.ActiveCfg = Release|Any CPU
		{1FDFC3D0-ABE3-49C8-AD42-4FF85018BD7C}.Release|Any CPU.Build.0 = Release|Any CPU
	EndGlobalSection
	GlobalSection(SolutionProperties) = preSolution
		HideSolutionNode = FALSE
	EndGlobalSection
	GlobalSection(ExtensibilityGlobals) = postSolution
		SolutionGuid = {4EB3E54A-651E-4D74-B433-DF5CB4F011AD}
	EndGlobalSection
EndGlobal
